// !$*UTF8*$!
{
	archiveVersion = 1;
	classes = {
	};
	objectVersion = 46;
	objects = {

/* Begin PBXBuildFile section */
		C009D75D18F9BF8300429033 /* Foundation.framework in Frameworks */ = {isa = PBXBuildFile; fileRef = C009D75C18F9BF8300429033 /* Foundation.framework */; };
		C009D75F18F9BF8300429033 /* CoreGraphics.framework in Frameworks */ = {isa = PBXBuildFile; fileRef = C009D75E18F9BF8300429033 /* CoreGraphics.framework */; };
		C009D76118F9BF8300429033 /* UIKit.framework in Frameworks */ = {isa = PBXBuildFile; fileRef = C009D76018F9BF8300429033 /* UIKit.framework */; };
		C009D76718F9BF8300429033 /* InfoPlist.strings in Resources */ = {isa = PBXBuildFile; fileRef = C009D76518F9BF8300429033 /* InfoPlist.strings */; };
		C009D76918F9BF8300429033 /* main.m in Sources */ = {isa = PBXBuildFile; fileRef = C009D76818F9BF8300429033 /* main.m */; };
		C009D76D18F9BF8300429033 /* shotsAppDelegate.m in Sources */ = {isa = PBXBuildFile; fileRef = C009D76C18F9BF8300429033 /* shotsAppDelegate.m */; };
		C009D77018F9BF8300429033 /* Main.storyboard in Resources */ = {isa = PBXBuildFile; fileRef = C009D76E18F9BF8300429033 /* Main.storyboard */; };
		C009D77318F9BF8300429033 /* shotsViewController.m in Sources */ = {isa = PBXBuildFile; fileRef = C009D77218F9BF8300429033 /* shotsViewController.m */; };
		C009D77518F9BF8300429033 /* Images.xcassets in Resources */ = {isa = PBXBuildFile; fileRef = C009D77418F9BF8300429033 /* Images.xcassets */; };
		C009D77C18F9BF8300429033 /* XCTest.framework in Frameworks */ = {isa = PBXBuildFile; fileRef = C009D77B18F9BF8300429033 /* XCTest.framework */; };
		C009D77D18F9BF8300429033 /* Foundation.framework in Frameworks */ = {isa = PBXBuildFile; fileRef = C009D75C18F9BF8300429033 /* Foundation.framework */; };
		C009D77E18F9BF8300429033 /* UIKit.framework in Frameworks */ = {isa = PBXBuildFile; fileRef = C009D76018F9BF8300429033 /* UIKit.framework */; };
		C009D78618F9BF8300429033 /* InfoPlist.strings in Resources */ = {isa = PBXBuildFile; fileRef = C009D78418F9BF8300429033 /* InfoPlist.strings */; };
		C009D78818F9BF8300429033 /* shots_iosTests.m in Sources */ = {isa = PBXBuildFile; fileRef = C009D78718F9BF8300429033 /* shots_iosTests.m */; };
		C083E96118F9C05300146148 /* Podfile in Resources */ = {isa = PBXBuildFile; fileRef = C083E95F18F9C05300146148 /* Podfile */; };
		C083E96218F9C05300146148 /* README.md in Resources */ = {isa = PBXBuildFile; fileRef = C083E96018F9C05300146148 /* README.md */; };
		C083E96518F9C18D00146148 /* shotModel.m in Sources */ = {isa = PBXBuildFile; fileRef = C083E96418F9C18D00146148 /* shotModel.m */; };
		C083E96618F9C18D00146148 /* shotModel.m in Sources */ = {isa = PBXBuildFile; fileRef = C083E96418F9C18D00146148 /* shotModel.m */; };
		CEDB167F6EB7433BBC836E8B /* libPods.a in Frameworks */ = {isa = PBXBuildFile; fileRef = A0F7DDC1874340CCAB11A556 /* libPods.a */; };
/* End PBXBuildFile section */

/* Begin PBXContainerItemProxy section */
		C009D77F18F9BF8300429033 /* PBXContainerItemProxy */ = {
			isa = PBXContainerItemProxy;
			containerPortal = C009D75118F9BF8300429033 /* Project object */;
			proxyType = 1;
			remoteGlobalIDString = C009D75818F9BF8300429033;
			remoteInfo = "shots-ios";
		};
/* End PBXContainerItemProxy section */

/* Begin PBXFileReference section */
		A0F7DDC1874340CCAB11A556 /* libPods.a */ = {isa = PBXFileReference; explicitFileType = archive.ar; includeInIndex = 0; path = libPods.a; sourceTree = BUILT_PRODUCTS_DIR; };
		C009D75918F9BF8300429033 /* shots-ios.app */ = {isa = PBXFileReference; explicitFileType = wrapper.application; includeInIndex = 0; path = "shots-ios.app"; sourceTree = BUILT_PRODUCTS_DIR; };
		C009D75C18F9BF8300429033 /* Foundation.framework */ = {isa = PBXFileReference; lastKnownFileType = wrapper.framework; name = Foundation.framework; path = System/Library/Frameworks/Foundation.framework; sourceTree = SDKROOT; };
		C009D75E18F9BF8300429033 /* CoreGraphics.framework */ = {isa = PBXFileReference; lastKnownFileType = wrapper.framework; name = CoreGraphics.framework; path = System/Library/Frameworks/CoreGraphics.framework; sourceTree = SDKROOT; };
		C009D76018F9BF8300429033 /* UIKit.framework */ = {isa = PBXFileReference; lastKnownFileType = wrapper.framework; name = UIKit.framework; path = System/Library/Frameworks/UIKit.framework; sourceTree = SDKROOT; };
		C009D76418F9BF8300429033 /* shots-ios-Info.plist */ = {isa = PBXFileReference; lastKnownFileType = text.plist.xml; path = "shots-ios-Info.plist"; sourceTree = "<group>"; };
		C009D76618F9BF8300429033 /* en */ = {isa = PBXFileReference; lastKnownFileType = text.plist.strings; name = en; path = en.lproj/InfoPlist.strings; sourceTree = "<group>"; };
		C009D76818F9BF8300429033 /* main.m */ = {isa = PBXFileReference; lastKnownFileType = sourcecode.c.objc; path = main.m; sourceTree = "<group>"; };
		C009D76A18F9BF8300429033 /* shots-ios-Prefix.pch */ = {isa = PBXFileReference; lastKnownFileType = sourcecode.c.h; path = "shots-ios-Prefix.pch"; sourceTree = "<group>"; };
		C009D76B18F9BF8300429033 /* shotsAppDelegate.h */ = {isa = PBXFileReference; lastKnownFileType = sourcecode.c.h; path = shotsAppDelegate.h; sourceTree = "<group>"; };
		C009D76C18F9BF8300429033 /* shotsAppDelegate.m */ = {isa = PBXFileReference; lastKnownFileType = sourcecode.c.objc; path = shotsAppDelegate.m; sourceTree = "<group>"; };
		C009D76F18F9BF8300429033 /* Base */ = {isa = PBXFileReference; lastKnownFileType = file.storyboard; name = Base; path = Base.lproj/Main.storyboard; sourceTree = "<group>"; };
		C009D77118F9BF8300429033 /* shotsViewController.h */ = {isa = PBXFileReference; lastKnownFileType = sourcecode.c.h; path = shotsViewController.h; sourceTree = "<group>"; };
		C009D77218F9BF8300429033 /* shotsViewController.m */ = {isa = PBXFileReference; lastKnownFileType = sourcecode.c.objc; path = shotsViewController.m; sourceTree = "<group>"; };
		C009D77418F9BF8300429033 /* Images.xcassets */ = {isa = PBXFileReference; lastKnownFileType = folder.assetcatalog; path = Images.xcassets; sourceTree = "<group>"; };
		C009D77A18F9BF8300429033 /* shots-iosTests.xctest */ = {isa = PBXFileReference; explicitFileType = wrapper.cfbundle; includeInIndex = 0; path = "shots-iosTests.xctest"; sourceTree = BUILT_PRODUCTS_DIR; };
		C009D77B18F9BF8300429033 /* XCTest.framework */ = {isa = PBXFileReference; lastKnownFileType = wrapper.framework; name = XCTest.framework; path = Library/Frameworks/XCTest.framework; sourceTree = DEVELOPER_DIR; };
		C009D78318F9BF8300429033 /* shots-iosTests-Info.plist */ = {isa = PBXFileReference; lastKnownFileType = text.plist.xml; path = "shots-iosTests-Info.plist"; sourceTree = "<group>"; };
		C009D78518F9BF8300429033 /* en */ = {isa = PBXFileReference; lastKnownFileType = text.plist.strings; name = en; path = en.lproj/InfoPlist.strings; sourceTree = "<group>"; };
		C009D78718F9BF8300429033 /* shots_iosTests.m */ = {isa = PBXFileReference; lastKnownFileType = sourcecode.c.objc; path = shots_iosTests.m; sourceTree = "<group>"; };
		C083E95F18F9C05300146148 /* Podfile */ = {isa = PBXFileReference; fileEncoding = 4; lastKnownFileType = text; path = Podfile; sourceTree = "<group>"; };
		C083E96018F9C05300146148 /* README.md */ = {isa = PBXFileReference; fileEncoding = 4; lastKnownFileType = text; path = README.md; sourceTree = "<group>"; };
		C083E96318F9C18D00146148 /* shotModel.h */ = {isa = PBXFileReference; fileEncoding = 4; lastKnownFileType = sourcecode.c.h; path = shotModel.h; sourceTree = "<group>"; };
		C083E96418F9C18D00146148 /* shotModel.m */ = {isa = PBXFileReference; fileEncoding = 4; lastKnownFileType = sourcecode.c.objc; path = shotModel.m; sourceTree = "<group>"; };
		CDF3B33115334E639329DA09 /* Pods.xcconfig */ = {isa = PBXFileReference; includeInIndex = 1; lastKnownFileType = text.xcconfig; name = Pods.xcconfig; path = Pods/Pods.xcconfig; sourceTree = "<group>"; };
/* End PBXFileReference section */

/* Begin PBXFrameworksBuildPhase section */
		C009D75618F9BF8300429033 /* Frameworks */ = {
			isa = PBXFrameworksBuildPhase;
			buildActionMask = 2147483647;
			files = (
				C009D75F18F9BF8300429033 /* CoreGraphics.framework in Frameworks */,
				C009D76118F9BF8300429033 /* UIKit.framework in Frameworks */,
				C009D75D18F9BF8300429033 /* Foundation.framework in Frameworks */,
				CEDB167F6EB7433BBC836E8B /* libPods.a in Frameworks */,
			);
			runOnlyForDeploymentPostprocessing = 0;
		};
		C009D77718F9BF8300429033 /* Frameworks */ = {
			isa = PBXFrameworksBuildPhase;
			buildActionMask = 2147483647;
			files = (
				C009D77C18F9BF8300429033 /* XCTest.framework in Frameworks */,
				C009D77E18F9BF8300429033 /* UIKit.framework in Frameworks */,
				C009D77D18F9BF8300429033 /* Foundation.framework in Frameworks */,
			);
			runOnlyForDeploymentPostprocessing = 0;
		};
/* End PBXFrameworksBuildPhase section */

/* Begin PBXGroup section */
		C009D75018F9BF8300429033 = {
			isa = PBXGroup;
			children = (
				C009D76218F9BF8300429033 /* shots-ios */,
				C009D78118F9BF8300429033 /* shots-iosTests */,
				C009D75B18F9BF8300429033 /* Frameworks */,
				C009D75A18F9BF8300429033 /* Products */,
				CDF3B33115334E639329DA09 /* Pods.xcconfig */,
				C083E95F18F9C05300146148 /* Podfile */,
				C083E96018F9C05300146148 /* README.md */,
			);
			sourceTree = "<group>";
		};
		C009D75A18F9BF8300429033 /* Products */ = {
			isa = PBXGroup;
			children = (
				C009D75918F9BF8300429033 /* shots-ios.app */,
				C009D77A18F9BF8300429033 /* shots-iosTests.xctest */,
			);
			name = Products;
			sourceTree = "<group>";
		};
		C009D75B18F9BF8300429033 /* Frameworks */ = {
			isa = PBXGroup;
			children = (
				C009D75C18F9BF8300429033 /* Foundation.framework */,
				C009D75E18F9BF8300429033 /* CoreGraphics.framework */,
				C009D76018F9BF8300429033 /* UIKit.framework */,
				C009D77B18F9BF8300429033 /* XCTest.framework */,
				A0F7DDC1874340CCAB11A556 /* libPods.a */,
			);
			name = Frameworks;
			sourceTree = "<group>";
		};
		C009D76218F9BF8300429033 /* shots-ios */ = {
			isa = PBXGroup;
			children = (
				C009D76B18F9BF8300429033 /* shotsAppDelegate.h */,
				C009D76C18F9BF8300429033 /* shotsAppDelegate.m */,
				C009D76E18F9BF8300429033 /* Main.storyboard */,
				C009D77118F9BF8300429033 /* shotsViewController.h */,
				C009D77218F9BF8300429033 /* shotsViewController.m */,
				C009D77418F9BF8300429033 /* Images.xcassets */,
				C009D76318F9BF8300429033 /* Supporting Files */,
				C083E96318F9C18D00146148 /* shotModel.h */,
				C083E96418F9C18D00146148 /* shotModel.m */,
			);
			path = "shots-ios";
			sourceTree = "<group>";
		};
		C009D76318F9BF8300429033 /* Supporting Files */ = {
			isa = PBXGroup;
			children = (
				C009D76418F9BF8300429033 /* shots-ios-Info.plist */,
				C009D76518F9BF8300429033 /* InfoPlist.strings */,
				C009D76818F9BF8300429033 /* main.m */,
				C009D76A18F9BF8300429033 /* shots-ios-Prefix.pch */,
			);
			name = "Supporting Files";
			sourceTree = "<group>";
		};
		C009D78118F9BF8300429033 /* shots-iosTests */ = {
			isa = PBXGroup;
			children = (
				C009D78718F9BF8300429033 /* shots_iosTests.m */,
				C009D78218F9BF8300429033 /* Supporting Files */,
			);
			path = "shots-iosTests";
			sourceTree = "<group>";
		};
		C009D78218F9BF8300429033 /* Supporting Files */ = {
			isa = PBXGroup;
			children = (
				C009D78318F9BF8300429033 /* shots-iosTests-Info.plist */,
				C009D78418F9BF8300429033 /* InfoPlist.strings */,
			);
			name = "Supporting Files";
			sourceTree = "<group>";
		};
/* End PBXGroup section */

/* Begin PBXNativeTarget section */
		C009D75818F9BF8300429033 /* shots-ios */ = {
			isa = PBXNativeTarget;
			buildConfigurationList = C009D78B18F9BF8300429033 /* Build configuration list for PBXNativeTarget "shots-ios" */;
			buildPhases = (
				0EC0464D77804FFFA2C592C9 /* Check Pods Manifest.lock */,
				C009D75518F9BF8300429033 /* Sources */,
				C009D75618F9BF8300429033 /* Frameworks */,
				C009D75718F9BF8300429033 /* Resources */,
				47FF89AECAAF4843BC99599A /* Copy Pods Resources */,
			);
			buildRules = (
			);
			dependencies = (
			);
			name = "shots-ios";
			productName = "shots-ios";
			productReference = C009D75918F9BF8300429033 /* shots-ios.app */;
			productType = "com.apple.product-type.application";
		};
		C009D77918F9BF8300429033 /* shots-iosTests */ = {
			isa = PBXNativeTarget;
			buildConfigurationList = C009D78E18F9BF8300429033 /* Build configuration list for PBXNativeTarget "shots-iosTests" */;
			buildPhases = (
				C009D77618F9BF8300429033 /* Sources */,
				C009D77718F9BF8300429033 /* Frameworks */,
				C009D77818F9BF8300429033 /* Resources */,
			);
			buildRules = (
			);
			dependencies = (
				C009D78018F9BF8300429033 /* PBXTargetDependency */,
			);
			name = "shots-iosTests";
			productName = "shots-iosTests";
			productReference = C009D77A18F9BF8300429033 /* shots-iosTests.xctest */;
			productType = "com.apple.product-type.bundle.unit-test";
		};
/* End PBXNativeTarget section */

/* Begin PBXProject section */
		C009D75118F9BF8300429033 /* Project object */ = {
			isa = PBXProject;
			attributes = {
				CLASSPREFIX = shots;
				LastUpgradeCheck = 0510;
				ORGANIZATIONNAME = "Bradley Dickason";
				TargetAttributes = {
					C009D77918F9BF8300429033 = {
						TestTargetID = C009D75818F9BF8300429033;
					};
				};
			};
			buildConfigurationList = C009D75418F9BF8300429033 /* Build configuration list for PBXProject "shots-ios" */;
			compatibilityVersion = "Xcode 3.2";
			developmentRegion = English;
			hasScannedForEncodings = 0;
			knownRegions = (
				en,
				Base,
			);
			mainGroup = C009D75018F9BF8300429033;
			productRefGroup = C009D75A18F9BF8300429033 /* Products */;
			projectDirPath = "";
			projectRoot = "";
			targets = (
				C009D75818F9BF8300429033 /* shots-ios */,
				C009D77918F9BF8300429033 /* shots-iosTests */,
			);
		};
/* End PBXProject section */

/* Begin PBXResourcesBuildPhase section */
		C009D75718F9BF8300429033 /* Resources */ = {
			isa = PBXResourcesBuildPhase;
			buildActionMask = 2147483647;
			files = (
				C009D77518F9BF8300429033 /* Images.xcassets in Resources */,
				C009D76718F9BF8300429033 /* InfoPlist.strings in Resources */,
				C083E96218F9C05300146148 /* README.md in Resources */,
				C083E96118F9C05300146148 /* Podfile in Resources */,
				C009D77018F9BF8300429033 /* Main.storyboard in Resources */,
			);
			runOnlyForDeploymentPostprocessing = 0;
		};
		C009D77818F9BF8300429033 /* Resources */ = {
			isa = PBXResourcesBuildPhase;
			buildActionMask = 2147483647;
			files = (
				C009D78618F9BF8300429033 /* InfoPlist.strings in Resources */,
			);
			runOnlyForDeploymentPostprocessing = 0;
		};
/* End PBXResourcesBuildPhase section */

/* Begin PBXShellScriptBuildPhase section */
		0EC0464D77804FFFA2C592C9 /* Check Pods Manifest.lock */ = {
			isa = PBXShellScriptBuildPhase;
			buildActionMask = 2147483647;
			files = (
			);
			inputPaths = (
			);
			name = "Check Pods Manifest.lock";
			outputPaths = (
			);
			runOnlyForDeploymentPostprocessing = 0;
			shellPath = /bin/sh;
			shellScript = "diff \"${PODS_ROOT}/../Podfile.lock\" \"${PODS_ROOT}/Manifest.lock\" > /dev/null\nif [[ $? != 0 ]] ; then\n    cat << EOM\nerror: The sandbox is not in sync with the Podfile.lock. Run 'pod install' or update your CocoaPods installation.\nEOM\n    exit 1\nfi\n";
			showEnvVarsInLog = 0;
		};
		47FF89AECAAF4843BC99599A /* Copy Pods Resources */ = {
			isa = PBXShellScriptBuildPhase;
			buildActionMask = 2147483647;
			files = (
			);
			inputPaths = (
			);
			name = "Copy Pods Resources";
			outputPaths = (
			);
			runOnlyForDeploymentPostprocessing = 0;
			shellPath = /bin/sh;
			shellScript = "\"${SRCROOT}/Pods/Pods-resources.sh\"\n";
			showEnvVarsInLog = 0;
		};
/* End PBXShellScriptBuildPhase section */

/* Begin PBXSourcesBuildPhase section */
		C009D75518F9BF8300429033 /* Sources */ = {
			isa = PBXSourcesBuildPhase;
			buildActionMask = 2147483647;
			files = (
				C009D76D18F9BF8300429033 /* shotsAppDelegate.m in Sources */,
				C083E96518F9C18D00146148 /* shotModel.m in Sources */,
				C009D77318F9BF8300429033 /* shotsViewController.m in Sources */,
				C009D76918F9BF8300429033 /* main.m in Sources */,
			);
			runOnlyForDeploymentPostprocessing = 0;
		};
		C009D77618F9BF8300429033 /* Sources */ = {
			isa = PBXSourcesBuildPhase;
			buildActionMask = 2147483647;
			files = (
				C009D78818F9BF8300429033 /* shots_iosTests.m in Sources */,
				C083E96618F9C18D00146148 /* shotModel.m in Sources */,
			);
			runOnlyForDeploymentPostprocessing = 0;
		};
/* End PBXSourcesBuildPhase section */

/* Begin PBXTargetDependency section */
		C009D78018F9BF8300429033 /* PBXTargetDependency */ = {
			isa = PBXTargetDependency;
			target = C009D75818F9BF8300429033 /* shots-ios */;
			targetProxy = C009D77F18F9BF8300429033 /* PBXContainerItemProxy */;
		};
/* End PBXTargetDependency section */

/* Begin PBXVariantGroup section */
		C009D76518F9BF8300429033 /* InfoPlist.strings */ = {
			isa = PBXVariantGroup;
			children = (
				C009D76618F9BF8300429033 /* en */,
			);
			name = InfoPlist.strings;
			sourceTree = "<group>";
		};
		C009D76E18F9BF8300429033 /* Main.storyboard */ = {
			isa = PBXVariantGroup;
			children = (
				C009D76F18F9BF8300429033 /* Base */,
			);
			name = Main.storyboard;
			sourceTree = "<group>";
		};
		C009D78418F9BF8300429033 /* InfoPlist.strings */ = {
			isa = PBXVariantGroup;
			children = (
				C009D78518F9BF8300429033 /* en */,
			);
			name = InfoPlist.strings;
			sourceTree = "<group>";
		};
/* End PBXVariantGroup section */

/* Begin XCBuildConfiguration section */
		C009D78918F9BF8300429033 /* Debug */ = {
			isa = XCBuildConfiguration;
			buildSettings = {
				ALWAYS_SEARCH_USER_PATHS = NO;
				CLANG_CXX_LANGUAGE_STANDARD = "gnu++0x";
				CLANG_CXX_LIBRARY = "libc++";
				CLANG_ENABLE_MODULES = YES;
				CLANG_ENABLE_OBJC_ARC = YES;
				CLANG_WARN_BOOL_CONVERSION = YES;
				CLANG_WARN_CONSTANT_CONVERSION = YES;
				CLANG_WARN_DIRECT_OBJC_ISA_USAGE = YES_ERROR;
				CLANG_WARN_EMPTY_BODY = YES;
				CLANG_WARN_ENUM_CONVERSION = YES;
				CLANG_WARN_INT_CONVERSION = YES;
				CLANG_WARN_OBJC_ROOT_CLASS = YES_ERROR;
				CLANG_WARN__DUPLICATE_METHOD_MATCH = YES;
				"CODE_SIGN_IDENTITY[sdk=iphoneos*]" = "iPhone Developer";
				COPY_PHASE_STRIP = NO;
				GCC_C_LANGUAGE_STANDARD = gnu99;
				GCC_DYNAMIC_NO_PIC = NO;
				GCC_OPTIMIZATION_LEVEL = 0;
				GCC_PREPROCESSOR_DEFINITIONS = (
					"DEBUG=1",
					"$(inherited)",
				);
				GCC_SYMBOLS_PRIVATE_EXTERN = NO;
				GCC_WARN_64_TO_32_BIT_CONVERSION = YES;
				GCC_WARN_ABOUT_RETURN_TYPE = YES_ERROR;
				GCC_WARN_UNDECLARED_SELECTOR = YES;
				GCC_WARN_UNINITIALIZED_AUTOS = YES_AGGRESSIVE;
				GCC_WARN_UNUSED_FUNCTION = YES;
				GCC_WARN_UNUSED_VARIABLE = YES;
				IPHONEOS_DEPLOYMENT_TARGET = 7.1;
				ONLY_ACTIVE_ARCH = YES;
				SDKROOT = iphoneos;
			};
			name = Debug;
		};
		C009D78A18F9BF8300429033 /* Release */ = {
			isa = XCBuildConfiguration;
			buildSettings = {
				ALWAYS_SEARCH_USER_PATHS = NO;
				CLANG_CXX_LANGUAGE_STANDARD = "gnu++0x";
				CLANG_CXX_LIBRARY = "libc++";
				CLANG_ENABLE_MODULES = YES;
				CLANG_ENABLE_OBJC_ARC = YES;
				CLANG_WARN_BOOL_CONVERSION = YES;
				CLANG_WARN_CONSTANT_CONVERSION = YES;
				CLANG_WARN_DIRECT_OBJC_ISA_USAGE = YES_ERROR;
				CLANG_WARN_EMPTY_BODY = YES;
				CLANG_WARN_ENUM_CONVERSION = YES;
				CLANG_WARN_INT_CONVERSION = YES;
				CLANG_WARN_OBJC_ROOT_CLASS = YES_ERROR;
				CLANG_WARN__DUPLICATE_METHOD_MATCH = YES;
				"CODE_SIGN_IDENTITY[sdk=iphoneos*]" = "iPhone Developer";
				COPY_PHASE_STRIP = YES;
				ENABLE_NS_ASSERTIONS = NO;
				GCC_C_LANGUAGE_STANDARD = gnu99;
				GCC_WARN_64_TO_32_BIT_CONVERSION = YES;
				GCC_WARN_ABOUT_RETURN_TYPE = YES_ERROR;
				GCC_WARN_UNDECLARED_SELECTOR = YES;
				GCC_WARN_UNINITIALIZED_AUTOS = YES_AGGRESSIVE;
				GCC_WARN_UNUSED_FUNCTION = YES;
				GCC_WARN_UNUSED_VARIABLE = YES;
				IPHONEOS_DEPLOYMENT_TARGET = 7.1;
				SDKROOT = iphoneos;
				VALIDATE_PRODUCT = YES;
			};
			name = Release;
		};
		C009D78C18F9BF8300429033 /* Debug */ = {
			isa = XCBuildConfiguration;
			baseConfigurationReference = CDF3B33115334E639329DA09 /* Pods.xcconfig */;
			buildSettings = {
				ASSETCATALOG_COMPILER_APPICON_NAME = AppIcon;
				ASSETCATALOG_COMPILER_LAUNCHIMAGE_NAME = LaunchImage;
				GCC_PRECOMPILE_PREFIX_HEADER = YES;
				GCC_PREFIX_HEADER = "shots-ios/shots-ios-Prefix.pch";
				INFOPLIST_FILE = "shots-ios/shots-ios-Info.plist";
				PRODUCT_NAME = "$(TARGET_NAME)";
				WRAPPER_EXTENSION = app;
			};
			name = Debug;
		};
		C009D78D18F9BF8300429033 /* Release */ = {
			isa = XCBuildConfiguration;
			baseConfigurationReference = CDF3B33115334E639329DA09 /* Pods.xcconfig */;
			buildSettings = {
				ASSETCATALOG_COMPILER_APPICON_NAME = AppIcon;
				ASSETCATALOG_COMPILER_LAUNCHIMAGE_NAME = LaunchImage;
				GCC_PRECOMPILE_PREFIX_HEADER = YES;
				GCC_PREFIX_HEADER = "shots-ios/shots-ios-Prefix.pch";
				INFOPLIST_FILE = "shots-ios/shots-ios-Info.plist";
				PRODUCT_NAME = "$(TARGET_NAME)";
				WRAPPER_EXTENSION = app;
			};
			name = Release;
		};
		C009D78F18F9BF8300429033 /* Debug */ = {
			isa = XCBuildConfiguration;
			buildSettings = {
				BUNDLE_LOADER = "$(BUILT_PRODUCTS_DIR)/shots-ios.app/shots-ios";
				FRAMEWORK_SEARCH_PATHS = (
					"$(SDKROOT)/Developer/Library/Frameworks",
					"$(inherited)",
					"$(DEVELOPER_FRAMEWORKS_DIR)",
				);
				GCC_PRECOMPILE_PREFIX_HEADER = YES;
				GCC_PREFIX_HEADER = "shots-ios/shots-ios-Prefix.pch";
				GCC_PREPROCESSOR_DEFINITIONS = (
					"DEBUG=1",
					"$(inherited)",
				);
				INFOPLIST_FILE = "shots-iosTests/shots-iosTests-Info.plist";
				PRODUCT_NAME = "$(TARGET_NAME)";
				TEST_HOST = "$(BUNDLE_LOADER)";
				WRAPPER_EXTENSION = xctest;
			};
			name = Debug;
		};
		C009D79018F9BF8300429033 /* Release */ = {
			isa = XCBuildConfiguration;
			buildSettings = {
				BUNDLE_LOADER = "$(BUILT_PRODUCTS_DIR)/shots-ios.app/shots-ios";
				FRAMEWORK_SEARCH_PATHS = (
					"$(SDKROOT)/Developer/Library/Frameworks",
					"$(inherited)",
					"$(DEVELOPER_FRAMEWORKS_DIR)",
				);
				GCC_PRECOMPILE_PREFIX_HEADER = YES;
				GCC_PREFIX_HEADER = "shots-ios/shots-ios-Prefix.pch";
				INFOPLIST_FILE = "shots-iosTests/shots-iosTests-Info.plist";
				PRODUCT_NAME = "$(TARGET_NAME)";
				TEST_HOST = "$(BUNDLE_LOADER)";
				WRAPPER_EXTENSION = xctest;
			};
			name = Release;
		};
/* End XCBuildConfiguration section */

/* Begin XCConfigurationList section */
		C009D75418F9BF8300429033 /* Build configuration list for PBXProject "shots-ios" */ = {
			isa = XCConfigurationList;
			buildConfigurations = (
				C009D78918F9BF8300429033 /* Debug */,
				C009D78A18F9BF8300429033 /* Release */,
			);
			defaultConfigurationIsVisible = 0;
			defaultConfigurationName = Release;
		};
		C009D78B18F9BF8300429033 /* Build configuration list for PBXNativeTarget "shots-ios" */ = {
			isa = XCConfigurationList;
			buildConfigurations = (
				C009D78C18F9BF8300429033 /* Debug */,
				C009D78D18F9BF8300429033 /* Release */,
			);
			defaultConfigurationIsVisible = 0;
			defaultConfigurationName = Release;
		};
		C009D78E18F9BF8300429033 /* Build configuration list for PBXNativeTarget "shots-iosTests" */ = {
			isa = XCConfigurationList;
			buildConfigurations = (
				C009D78F18F9BF8300429033 /* Debug */,
				C009D79018F9BF8300429033 /* Release */,
			);
			defaultConfigurationIsVisible = 0;
			defaultConfigurationName = Release;
		};
/* End XCConfigurationList section */
	};
	rootObject = C009D75118F9BF8300429033 /* Project object */;
}
